// !$*UTF8*$!
{
	archiveVersion = 1;
	classes = {
	};
	objectVersion = 46;
	objects = {

/* Begin PBXBuildFile section */
		1F5228821D76DCD00065E494 /* JSO.m in Sources */ = {isa = PBXBuildFile; fileRef = 1F5228751D76DCD00065E494 /* JSO.m */; };
		1F647D491D1A329300602779 /* root.gif in Resources */ = {isa = PBXBuildFile; fileRef = 1F647D441D1A329300602779 /* root.gif */; };
		1F647D4A1D1A329300602779 /* root.htm in Resources */ = {isa = PBXBuildFile; fileRef = 1F647D451D1A329300602779 /* root.htm */; };
		1F647D4B1D1A329300602779 /* config.json in Resources */ = {isa = PBXBuildFile; fileRef = 1F647D471D1A329300602779 /* config.json */; };
		8EA8911F1DC9BD7600036F75 /* WebViewJavascriptBridge.js in Resources */ = {isa = PBXBuildFile; fileRef = 8EA8911E1DC9BD7600036F75 /* WebViewJavascriptBridge.js */; };
		8EA891211DCA133D00036F75 /* cmpjsbridge.js in Resources */ = {isa = PBXBuildFile; fileRef = 8EA891201DCA133D00036F75 /* cmpjsbridge.js */; };
		8EBFF3EE1DC6CF3600AFF2AC /* ApiActivityClose.m in Sources */ = {isa = PBXBuildFile; fileRef = 8EBFF3D81DC6CF3600AFF2AC /* ApiActivityClose.m */; };
		8EBFF3EF1DC6CF3600AFF2AC /* ApiActivityOpen.m in Sources */ = {isa = PBXBuildFile; fileRef = 8EBFF3DB1DC6CF3600AFF2AC /* ApiActivityOpen.m */; };
		8EBFF3F01DC6CF3600AFF2AC /* HybridApi.m in Sources */ = {isa = PBXBuildFile; fileRef = 8EBFF3DE1DC6CF3600AFF2AC /* HybridApi.m */; };
		8EBFF3F11DC6CF3600AFF2AC /* HybridTools.m in Sources */ = {isa = PBXBuildFile; fileRef = 8EBFF3E01DC6CF3600AFF2AC /* HybridTools.m */; };
		8EBFF3F21DC6CF3600AFF2AC /* HybridUi.m in Sources */ = {isa = PBXBuildFile; fileRef = 8EBFF3E21DC6CF3600AFF2AC /* HybridUi.m */; };
		8EBFF3F61DC6CF3600AFF2AC /* NativeUi.m in Sources */ = {isa = PBXBuildFile; fileRef = 8EBFF3EB1DC6CF3600AFF2AC /* NativeUi.m */; };
		8EBFF3F71DC6CF3600AFF2AC /* SimpleWebViewUi.m in Sources */ = {isa = PBXBuildFile; fileRef = 8EBFF3ED1DC6CF3600AFF2AC /* SimpleWebViewUi.m */; };
		8ECC9ABE1DC6DE9C00D88779 /* Images.xcassets in Resources */ = {isa = PBXBuildFile; fileRef = 8ECC9ABA1DC6DE9C00D88779 /* Images.xcassets */; };
		8ECC9ABF1DC6DE9C00D88779 /* main.m in Sources */ = {isa = PBXBuildFile; fileRef = 8ECC9ABB1DC6DE9C00D88779 /* main.m */; };
		8ED44CD11DD304E800811674 /* MyLaunchStoryBoard.xib in Resources */ = {isa = PBXBuildFile; fileRef = 8ED44CD01DD304E800811674 /* MyLaunchStoryBoard.xib */; };
/* End PBXBuildFile section */

/* Begin PBXFileReference section */
		1F5228741D76DCD00065E494 /* JSO.h */ = {isa = PBXFileReference; fileEncoding = 4; lastKnownFileType = sourcecode.c.h; path = JSO.h; sourceTree = "<group>"; };
		1F5228751D76DCD00065E494 /* JSO.m */ = {isa = PBXFileReference; fileEncoding = 4; lastKnownFileType = sourcecode.c.objc; path = JSO.m; sourceTree = "<group>"; };
		1F647D441D1A329300602779 /* root.gif */ = {isa = PBXFileReference; lastKnownFileType = image.gif; path = root.gif; sourceTree = "<group>"; };
		1F647D451D1A329300602779 /* root.htm */ = {isa = PBXFileReference; fileEncoding = 4; lastKnownFileType = text.html; path = root.htm; sourceTree = "<group>"; };
		1F647D471D1A329300602779 /* config.json */ = {isa = PBXFileReference; fileEncoding = 4; lastKnownFileType = text.json; path = config.json; sourceTree = "<group>"; };
		8EA8911E1DC9BD7600036F75 /* WebViewJavascriptBridge.js */ = {isa = PBXFileReference; fileEncoding = 4; lastKnownFileType = sourcecode.javascript; name = WebViewJavascriptBridge.js; path = "../../app-hybrid-core/assetsJsBridge/WebViewJavascriptBridge.js"; sourceTree = "<group>"; };
		8EA891201DCA133D00036F75 /* cmpjsbridge.js */ = {isa = PBXFileReference; fileEncoding = 4; lastKnownFileType = sourcecode.javascript; path = cmpjsbridge.js; sourceTree = "<group>"; };
		8EBFF3D71DC6CF3600AFF2AC /* ApiActivityClose.h */ = {isa = PBXFileReference; fileEncoding = 4; lastKnownFileType = sourcecode.c.h; path = ApiActivityClose.h; sourceTree = "<group>"; };
		8EBFF3D81DC6CF3600AFF2AC /* ApiActivityClose.m */ = {isa = PBXFileReference; fileEncoding = 4; lastKnownFileType = sourcecode.c.objc; path = ApiActivityClose.m; sourceTree = "<group>"; };
		8EBFF3DA1DC6CF3600AFF2AC /* ApiActivityOpen.h */ = {isa = PBXFileReference; fileEncoding = 4; lastKnownFileType = sourcecode.c.h; path = ApiActivityOpen.h; sourceTree = "<group>"; };
		8EBFF3DB1DC6CF3600AFF2AC /* ApiActivityOpen.m */ = {isa = PBXFileReference; fileEncoding = 4; lastKnownFileType = sourcecode.c.objc; path = ApiActivityOpen.m; sourceTree = "<group>"; };
		8EBFF3DD1DC6CF3600AFF2AC /* HybridApi.h */ = {isa = PBXFileReference; fileEncoding = 4; lastKnownFileType = sourcecode.c.h; path = HybridApi.h; sourceTree = "<group>"; };
		8EBFF3DE1DC6CF3600AFF2AC /* HybridApi.m */ = {isa = PBXFileReference; fileEncoding = 4; lastKnownFileType = sourcecode.c.objc; path = HybridApi.m; sourceTree = "<group>"; };
		8EBFF3DF1DC6CF3600AFF2AC /* HybridTools.h */ = {isa = PBXFileReference; fileEncoding = 4; lastKnownFileType = sourcecode.c.h; path = HybridTools.h; sourceTree = "<group>"; };
		8EBFF3E01DC6CF3600AFF2AC /* HybridTools.m */ = {isa = PBXFileReference; fileEncoding = 4; lastKnownFileType = sourcecode.c.objc; path = HybridTools.m; sourceTree = "<group>"; };
		8EBFF3E11DC6CF3600AFF2AC /* HybridUi.h */ = {isa = PBXFileReference; fileEncoding = 4; lastKnownFileType = sourcecode.c.h; path = HybridUi.h; sourceTree = "<group>"; };
		8EBFF3E21DC6CF3600AFF2AC /* HybridUi.m */ = {isa = PBXFileReference; fileEncoding = 4; lastKnownFileType = sourcecode.c.objc; path = HybridUi.m; sourceTree = "<group>"; };
		8EBFF3EA1DC6CF3600AFF2AC /* NativeUi.h */ = {isa = PBXFileReference; fileEncoding = 4; lastKnownFileType = sourcecode.c.h; path = NativeUi.h; sourceTree = "<group>"; };
		8EBFF3EB1DC6CF3600AFF2AC /* NativeUi.m */ = {isa = PBXFileReference; fileEncoding = 4; lastKnownFileType = sourcecode.c.objc; path = NativeUi.m; sourceTree = "<group>"; };
		8EBFF3EC1DC6CF3600AFF2AC /* SimpleWebViewUi.h */ = {isa = PBXFileReference; fileEncoding = 4; lastKnownFileType = sourcecode.c.h; path = SimpleWebViewUi.h; sourceTree = "<group>"; };
		8EBFF3ED1DC6CF3600AFF2AC /* SimpleWebViewUi.m */ = {isa = PBXFileReference; fileEncoding = 4; lastKnownFileType = sourcecode.c.objc; path = SimpleWebViewUi.m; sourceTree = "<group>"; };
		8ECC9ABA1DC6DE9C00D88779 /* Images.xcassets */ = {isa = PBXFileReference; lastKnownFileType = folder.assetcatalog; path = Images.xcassets; sourceTree = "<group>"; };
		8ECC9ABB1DC6DE9C00D88779 /* main.m */ = {isa = PBXFileReference; fileEncoding = 4; lastKnownFileType = sourcecode.c.objc; path = main.m; sourceTree = "<group>"; };
		8ED24ABA1DC9783B00D40DCD /* iosproject.app */ = {isa = PBXFileReference; explicitFileType = wrapper.application; includeInIndex = 0; path = iosproject.app; sourceTree = BUILT_PRODUCTS_DIR; };
		8ED44CD01DD304E800811674 /* MyLaunchStoryBoard.xib */ = {isa = PBXFileReference; fileEncoding = 4; lastKnownFileType = file.xib; path = MyLaunchStoryBoard.xib; sourceTree = "<group>"; };
		8ED44CD21DD3169600811674 /* Hybrid.h */ = {isa = PBXFileReference; lastKnownFileType = sourcecode.c.h; path = Hybrid.h; sourceTree = "<group>"; };
/* End PBXFileReference section */

/* Begin PBXFrameworksBuildPhase section */
		3F4179BE1D0515A600B934C5 /* Frameworks */ = {
			isa = PBXFrameworksBuildPhase;
			buildActionMask = 2147483647;
			files = (
			);
			runOnlyForDeploymentPostprocessing = 0;
		};
/* End PBXFrameworksBuildPhase section */

/* Begin PBXGroup section */
		1F5228731D76DCC00065E494 /* link-lib-JSO */ = {
			isa = PBXGroup;
			children = (
				1F5228741D76DCD00065E494 /* JSO.h */,
				1F5228751D76DCD00065E494 /* JSO.m */,
			);
			name = "link-lib-JSO";
			path = "../../lib-ios-jso";
			sourceTree = "<group>";
		};
		1F647D421D1A329300602779 /* link-assets */ = {
			isa = PBXGroup;
			children = (
				8EA891201DCA133D00036F75 /* cmpjsbridge.js */,
				1F647D441D1A329300602779 /* root.gif */,
				1F647D451D1A329300602779 /* root.htm */,
			);
			name = "link-assets";
			path = ../assetsHybridDemo/web;
			sourceTree = "<group>";
		};
		1F647D461D1A329300602779 /* config */ = {
			isa = PBXGroup;
			children = (
				1F647D471D1A329300602779 /* config.json */,
			);
			path = config;
			sourceTree = "<group>";
		};
		3F4179B81D0515A600B934C5 = {
			isa = PBXGroup;
			children = (
				8ECC9AB51DC6DE9C00D88779 /* src */,
				1F647D461D1A329300602779 /* config */,
				8EBFF3D51DC6CF3600AFF2AC /* link-lib-ios */,
				1F5228731D76DCC00065E494 /* link-lib-JSO */,
				1F647D421D1A329300602779 /* link-assets */,
				8EA8911D1DC9BD3800036F75 /* link-asset-bridge-js */,
				8ED24ABA1DC9783B00D40DCD /* iosproject.app */,
			);
			sourceTree = "<group>";
		};
		8EA8911D1DC9BD3800036F75 /* link-asset-bridge-js */ = {
			isa = PBXGroup;
			children = (
				8EA8911E1DC9BD7600036F75 /* WebViewJavascriptBridge.js */,
			);
			name = "link-asset-bridge-js";
			sourceTree = "<group>";
		};
		8EBFF3D51DC6CF3600AFF2AC /* link-lib-ios */ = {
			isa = PBXGroup;
			children = (
				8EBFF3D61DC6CF3600AFF2AC /* _app_activity_close */,
				8EBFF3D91DC6CF3600AFF2AC /* _app_activity_open */,
				8EBFF3DC1DC6CF3600AFF2AC /* szu-bdi-hybrid-core */,
			);
			name = "link-lib-ios";
			path = "../../app-hybrid-core/lib-ios";
			sourceTree = "<group>";
		};
		8EBFF3D61DC6CF3600AFF2AC /* _app_activity_close */ = {
			isa = PBXGroup;
			children = (
				8EBFF3D71DC6CF3600AFF2AC /* ApiActivityClose.h */,
				8EBFF3D81DC6CF3600AFF2AC /* ApiActivityClose.m */,
			);
			path = _app_activity_close;
			sourceTree = "<group>";
		};
		8EBFF3D91DC6CF3600AFF2AC /* _app_activity_open */ = {
			isa = PBXGroup;
			children = (
				8EBFF3DA1DC6CF3600AFF2AC /* ApiActivityOpen.h */,
				8EBFF3DB1DC6CF3600AFF2AC /* ApiActivityOpen.m */,
			);
			path = _app_activity_open;
			sourceTree = "<group>";
		};
		8EBFF3DC1DC6CF3600AFF2AC /* szu-bdi-hybrid-core */ = {
			isa = PBXGroup;
			children = (
				8ED44CD21DD3169600811674 /* Hybrid.h */,
				8EBFF3DD1DC6CF3600AFF2AC /* HybridApi.h */,
				8EBFF3DE1DC6CF3600AFF2AC /* HybridApi.m */,
				8EBFF3DF1DC6CF3600AFF2AC /* HybridTools.h */,
				8EBFF3E01DC6CF3600AFF2AC /* HybridTools.m */,
				8EBFF3E11DC6CF3600AFF2AC /* HybridUi.h */,
				8EBFF3E21DC6CF3600AFF2AC /* HybridUi.m */,
				8EBFF3EA1DC6CF3600AFF2AC /* NativeUi.h */,
				8EBFF3EB1DC6CF3600AFF2AC /* NativeUi.m */,
				8EBFF3EC1DC6CF3600AFF2AC /* SimpleWebViewUi.h */,
				8EBFF3ED1DC6CF3600AFF2AC /* SimpleWebViewUi.m */,
			);
			path = "szu-bdi-hybrid-core";
			sourceTree = "<group>";
		};
		8ECC9AB51DC6DE9C00D88779 /* src */ = {
			isa = PBXGroup;
			children = (
				8ED44CD01DD304E800811674 /* MyLaunchStoryBoard.xib */,
				8ECC9ABA1DC6DE9C00D88779 /* Images.xcassets */,
				8ECC9ABB1DC6DE9C00D88779 /* main.m */,
			);
			path = src;
			sourceTree = "<group>";
		};
/* End PBXGroup section */

/* Begin PBXNativeTarget section */
		3F4179C01D0515A600B934C5 /* iosproject */ = {
			isa = PBXNativeTarget;
			buildConfigurationList = 3F4179E41D0515A600B934C5 /* Build configuration list for PBXNativeTarget "iosproject" */;
			buildPhases = (
				3F4179BD1D0515A600B934C5 /* Sources */,
				3F4179BE1D0515A600B934C5 /* Frameworks */,
				3F4179BF1D0515A600B934C5 /* Resources */,
			);
			buildRules = (
			);
			dependencies = (
			);
			name = iosproject;
			productName = "testproj-ios-core";
			productReference = 8ED24ABA1DC9783B00D40DCD /* iosproject.app */;
			productType = "com.apple.product-type.application";
		};
/* End PBXNativeTarget section */

/* Begin PBXProject section */
		3F4179B91D0515A600B934C5 /* Project object */ = {
			isa = PBXProject;
			attributes = {
				LastUpgradeCheck = 0810;
				ORGANIZATIONNAME = szu.bdi;
				TargetAttributes = {
					3F4179C01D0515A600B934C5 = {
						CreatedOnToolsVersion = 6.4;
					};
				};
			};
			buildConfigurationList = 3F4179BC1D0515A600B934C5 /* Build configuration list for PBXProject "iosproject" */;
			compatibilityVersion = "Xcode 3.2";
			developmentRegion = English;
			hasScannedForEncodings = 0;
			knownRegions = (
				en,
				Base,
			);
			mainGroup = 3F4179B81D0515A600B934C5;
			productRefGroup = 3F4179B81D0515A600B934C5;
			projectDirPath = "";
			projectRoot = "";
			targets = (
				3F4179C01D0515A600B934C5 /* iosproject */,
			);
		};
/* End PBXProject section */

/* Begin PBXResourcesBuildPhase section */
		3F4179BF1D0515A600B934C5 /* Resources */ = {
			isa = PBXResourcesBuildPhase;
			buildActionMask = 2147483647;
			files = (
				8ECC9ABE1DC6DE9C00D88779 /* Images.xcassets in Resources */,
				8ED44CD11DD304E800811674 /* MyLaunchStoryBoard.xib in Resources */,
				1F647D491D1A329300602779 /* root.gif in Resources */,
				8EA891211DCA133D00036F75 /* cmpjsbridge.js in Resources */,
				8EA8911F1DC9BD7600036F75 /* WebViewJavascriptBridge.js in Resources */,
				1F647D4A1D1A329300602779 /* root.htm in Resources */,
				1F647D4B1D1A329300602779 /* config.json in Resources */,
			);
			runOnlyForDeploymentPostprocessing = 0;
		};
/* End PBXResourcesBuildPhase section */

/* Begin PBXSourcesBuildPhase section */
		3F4179BD1D0515A600B934C5 /* Sources */ = {
			isa = PBXSourcesBuildPhase;
			buildActionMask = 2147483647;
			files = (
				8EBFF3F11DC6CF3600AFF2AC /* HybridTools.m in Sources */,
				1F5228821D76DCD00065E494 /* JSO.m in Sources */,
				8EBFF3F71DC6CF3600AFF2AC /* SimpleWebViewUi.m in Sources */,
				8EBFF3F61DC6CF3600AFF2AC /* NativeUi.m in Sources */,
				8EBFF3EF1DC6CF3600AFF2AC /* ApiActivityOpen.m in Sources */,
				8ECC9ABF1DC6DE9C00D88779 /* main.m in Sources */,
				8EBFF3EE1DC6CF3600AFF2AC /* ApiActivityClose.m in Sources */,
				8EBFF3F21DC6CF3600AFF2AC /* HybridUi.m in Sources */,
				8EBFF3F01DC6CF3600AFF2AC /* HybridApi.m in Sources */,
			);
			runOnlyForDeploymentPostprocessing = 0;
		};
/* End PBXSourcesBuildPhase section */

/* Begin XCBuildConfiguration section */
		3F4179E21D0515A600B934C5 /* Debug */ = {
			isa = XCBuildConfiguration;
			buildSettings = {
				ALWAYS_SEARCH_USER_PATHS = NO;
				CLANG_CXX_LANGUAGE_STANDARD = "gnu++0x";
				CLANG_CXX_LIBRARY = "libc++";
				CLANG_ENABLE_MODULES = YES;
				CLANG_ENABLE_OBJC_ARC = YES;
				CLANG_WARN_BOOL_CONVERSION = YES;
				CLANG_WARN_CONSTANT_CONVERSION = YES;
				CLANG_WARN_DIRECT_OBJC_ISA_USAGE = YES_ERROR;
				CLANG_WARN_EMPTY_BODY = YES;
				CLANG_WARN_ENUM_CONVERSION = YES;
				CLANG_WARN_INFINITE_RECURSION = YES;
				CLANG_WARN_INT_CONVERSION = YES;
				CLANG_WARN_OBJC_ROOT_CLASS = YES_ERROR;
				CLANG_WARN_SUSPICIOUS_MOVE = YES;
				CLANG_WARN_UNREACHABLE_CODE = YES;
				CLANG_WARN__DUPLICATE_METHOD_MATCH = YES;
				"CODE_SIGN_IDENTITY[sdk=iphoneos*]" = "iPhone Developer";
				COPY_PHASE_STRIP = NO;
				DEBUG_INFORMATION_FORMAT = "dwarf-with-dsym";
				ENABLE_STRICT_OBJC_MSGSEND = YES;
				ENABLE_TESTABILITY = YES;
				GCC_C_LANGUAGE_STANDARD = gnu99;
				GCC_DYNAMIC_NO_PIC = NO;
				GCC_NO_COMMON_BLOCKS = YES;
				GCC_OPTIMIZATION_LEVEL = 0;
				GCC_PREPROCESSOR_DEFINITIONS = (
					"DEBUG=1",
					"$(inherited)",
				);
				GCC_SYMBOLS_PRIVATE_EXTERN = NO;
				GCC_WARN_64_TO_32_BIT_CONVERSION = YES;
				GCC_WARN_ABOUT_RETURN_TYPE = YES_ERROR;
				GCC_WARN_UNDECLARED_SELECTOR = YES;
				GCC_WARN_UNINITIALIZED_AUTOS = YES_AGGRESSIVE;
				GCC_WARN_UNUSED_FUNCTION = YES;
				GCC_WARN_UNUSED_VARIABLE = YES;
				IPHONEOS_DEPLOYMENT_TARGET = 8.0;
				MTL_ENABLE_DEBUG_INFO = YES;
				ONLY_ACTIVE_ARCH = YES;
				SDKROOT = iphoneos;
				TARGETED_DEVICE_FAMILY = "1,2";
			};
			name = Debug;
		};
		3F4179E31D0515A600B934C5 /* Release */ = {
			isa = XCBuildConfiguration;
			buildSettings = {
				ALWAYS_SEARCH_USER_PATHS = NO;
				CLANG_CXX_LANGUAGE_STANDARD = "gnu++0x";
				CLANG_CXX_LIBRARY = "libc++";
				CLANG_ENABLE_MODULES = YES;
				CLANG_ENABLE_OBJC_ARC = YES;
				CLANG_WARN_BOOL_CONVERSION = YES;
				CLANG_WARN_CONSTANT_CONVERSION = YES;
				CLANG_WARN_DIRECT_OBJC_ISA_USAGE = YES_ERROR;
				CLANG_WARN_EMPTY_BODY = YES;
				CLANG_WARN_ENUM_CONVERSION = YES;
				CLANG_WARN_INFINITE_RECURSION = YES;
				CLANG_WARN_INT_CONVERSION = YES;
				CLANG_WARN_OBJC_ROOT_CLASS = YES_ERROR;
				CLANG_WARN_SUSPICIOUS_MOVE = YES;
				CLANG_WARN_UNREACHABLE_CODE = YES;
				CLANG_WARN__DUPLICATE_METHOD_MATCH = YES;
				"CODE_SIGN_IDENTITY[sdk=iphoneos*]" = "iPhone Developer";
				COPY_PHASE_STRIP = NO;
				DEBUG_INFORMATION_FORMAT = "dwarf-with-dsym";
				ENABLE_NS_ASSERTIONS = NO;
				ENABLE_STRICT_OBJC_MSGSEND = YES;
				GCC_C_LANGUAGE_STANDARD = gnu99;
				GCC_NO_COMMON_BLOCKS = YES;
				GCC_WARN_64_TO_32_BIT_CONVERSION = YES;
				GCC_WARN_ABOUT_RETURN_TYPE = YES_ERROR;
				GCC_WARN_UNDECLARED_SELECTOR = YES;
				GCC_WARN_UNINITIALIZED_AUTOS = YES_AGGRESSIVE;
				GCC_WARN_UNUSED_FUNCTION = YES;
				GCC_WARN_UNUSED_VARIABLE = YES;
				IPHONEOS_DEPLOYMENT_TARGET = 8.0;
				MTL_ENABLE_DEBUG_INFO = NO;
				SDKROOT = iphoneos;
				TARGETED_DEVICE_FAMILY = "1,2";
				VALIDATE_PRODUCT = YES;
			};
			name = Release;
		};
		3F4179E51D0515A600B934C5 /* Debug */ = {
			isa = XCBuildConfiguration;
			buildSettings = {
				ASSETCATALOG_COMPILER_APPICON_NAME = AppIcon;
				ASSETCATALOG_COMPILER_LAUNCHIMAGE_NAME = "Brand Assets";
				CODE_SIGN_IDENTITY = "iPhone Developer";
				"CODE_SIGN_IDENTITY[sdk=iphoneos*]" = "iPhone Developer";
				INFOPLIST_FILE = Info.plist;
				IPHONEOS_DEPLOYMENT_TARGET = 8.0;
				LD_RUNPATH_SEARCH_PATHS = "$(inherited) @executable_path/Frameworks";
				PRODUCT_BUNDLE_IDENTIFIER = info.cmptech.hybrid.demo;
				PRODUCT_NAME = iosproject;
				PROVISIONING_PROFILE = "";
			};
			name = Debug;
		};
		3F4179E61D0515A600B934C5 /* Release */ = {
			isa = XCBuildConfiguration;
			buildSettings = {
				ASSETCATALOG_COMPILER_APPICON_NAME = AppIcon;
				ASSETCATALOG_COMPILER_LAUNCHIMAGE_NAME = "Brand Assets";
				CODE_SIGN_IDENTITY = "iPhone Developer";
				"CODE_SIGN_IDENTITY[sdk=iphoneos*]" = "iPhone Developer";
				INFOPLIST_FILE = Info.plist;
				IPHONEOS_DEPLOYMENT_TARGET = 8.0;
				LD_RUNPATH_SEARCH_PATHS = "$(inherited) @executable_path/Frameworks";
				PRODUCT_BUNDLE_IDENTIFIER = info.cmptech.hybrid.demo;
				PRODUCT_NAME = iosproject;
				PROVISIONING_PROFILE = "";
			};
			name = Release;
		};
/* End XCBuildConfiguration section */

/* Begin XCConfigurationList section */
		3F4179BC1D0515A600B934C5 /* Build configuration list for PBXProject "iosproject" */ = {
			isa = XCConfigurationList;
			buildConfigurations = (
				3F4179E21D0515A600B934C5 /* Debug */,
				3F4179E31D0515A600B934C5 /* Release */,
			);
			defaultConfigurationIsVisible = 0;
			defaultConfigurationName = Release;
		};
		3F4179E41D0515A600B934C5 /* Build configuration list for PBXNativeTarget "iosproject" */ = {
			isa = XCConfigurationList;
			buildConfigurations = (
				3F4179E51D0515A600B934C5 /* Debug */,
				3F4179E61D0515A600B934C5 /* Release */,
			);
			defaultConfigurationIsVisible = 0;
			defaultConfigurationName = Release;
		};
/* End XCConfigurationList section */
	};
	rootObject = 3F4179B91D0515A600B934C5 /* Project object */;
}
